{
  "name": "website",
  "lockfileVersion": 3,
  "requires": true,
  "packages": {
    "": {
      "devDependencies": {
        "prettier-plugin-jinja-template": "*"
      }
    },
    "node_modules/prettier": {
      "version": "3.6.2",
      "dev": true,
      "license": "MIT",
      "peer": true,
      "bin": {
        "prettier": "bin/prettier.cjs"
      },
      "engines": {
        "node": ">=14"
      },
      "funding": {
        "url": "https://github.com/prettier/prettier?sponsor=1"
      }
    },
    "node_modules/prettier-plugin-jinja-template": {
      "version": "2.1.0",
      "dev": true,
      "license": "MIT",
      "peerDependencies": {
        "prettier": "^3.0.0"
      }
    }
  }
}
